<?xml version="1.0" encoding="utf-8"?>
<Project ToolsVersion="4.0" xmlns="http://schemas.microsoft.com/developer/msbuild/2003">
  <ItemGroup>
    <Filter Include="Carbon">
      <UniqueIdentifier>{9A2244AB-86C4-6E81-6F7F-82D55BC0F5D1}</UniqueIdentifier>
    </Filter>
  </ItemGroup>
  <ItemGroup>
    <ClInclude Include="src\Carbon.h" />
    <ClInclude Include="src\Carbon\Application.h">
      <Filter>Carbon</Filter>
    </ClInclude>
    <ClInclude Include="src\Carbon\Core.h">
      <Filter>Carbon</Filter>
    </ClInclude>
    <ClInclude Include="src\Carbon\EntryPoint.h">
      <Filter>Carbon</Filter>
    </ClInclude>
    <ClInclude Include="src\Carbon\Log.h">
      <Filter>Carbon</Filter>
    </ClInclude>
  </ItemGroup>
  <ItemGroup>
    <ClCompile Include="src\Carbon\Application.cpp">
      <Filter>Carbon</Filter>
    </ClCompile>
    <ClCompile Include="src\Carbon\Log.cpp">
      <Filter>Carbon</Filter>
    </ClCompile>
  </ItemGroup>
</Project>